// !$*UTF8*$!
{
	archiveVersion = 1;
	classes = {
	};
	objectVersion = 56;
	objects = {

/* Begin PBXBuildFile section */
		7C030A182B43A18500A51AC0 /* MyWorkOutLogApp.swift in Sources */ = {isa = PBXBuildFile; fileRef = 7C030A172B43A18500A51AC0 /* MyWorkOutLogApp.swift */; };
		7C030A1A2B43A18500A51AC0 /* ContentView.swift in Sources */ = {isa = PBXBuildFile; fileRef = 7C030A192B43A18500A51AC0 /* ContentView.swift */; };
		7C030A1C2B43A18500A51AC0 /* WorkoutHistory.swift in Sources */ = {isa = PBXBuildFile; fileRef = 7C030A1B2B43A18500A51AC0 /* WorkoutHistory.swift */; };
		7C030A1E2B43A18600A51AC0 /* Assets.xcassets in Resources */ = {isa = PBXBuildFile; fileRef = 7C030A1D2B43A18600A51AC0 /* Assets.xcassets */; };
		7C030A212B43A18600A51AC0 /* Preview Assets.xcassets in Resources */ = {isa = PBXBuildFile; fileRef = 7C030A202B43A18600A51AC0 /* Preview Assets.xcassets */; };
		7C030A2A2B43AC2A00A51AC0 /* WorkoutAddView.swift in Sources */ = {isa = PBXBuildFile; fileRef = 7C030A292B43AC2A00A51AC0 /* WorkoutAddView.swift */; };
		7C030A2D2B43CE9F00A51AC0 /* ExyteMediaPicker in Frameworks */ = {isa = PBXBuildFile; productRef = 7C030A2C2B43CE9F00A51AC0 /* ExyteMediaPicker */; };
		7C030A2F2B43D04400A51AC0 /* PermissionViewModel.swift in Sources */ = {isa = PBXBuildFile; fileRef = 7C030A2E2B43D04400A51AC0 /* PermissionViewModel.swift */; };
		7C030A322B43D21A00A51AC0 /* SDWebImageSwiftUI in Frameworks */ = {isa = PBXBuildFile; productRef = 7C030A312B43D21A00A51AC0 /* SDWebImageSwiftUI */; };
		7C030A362B43D79A00A51AC0 /* PhotoSelectorViewModel.swift in Sources */ = {isa = PBXBuildFile; fileRef = 7C030A352B43D79A00A51AC0 /* PhotoSelectorViewModel.swift */; };
		7C28F3172B453E1D00D12099 /* WorkoutDetailView.swift in Sources */ = {isa = PBXBuildFile; fileRef = 7C28F3162B453E1D00D12099 /* WorkoutDetailView.swift */; };
		7C28F3192B4545AF00D12099 /* MediaFullScreenViewer.swift in Sources */ = {isa = PBXBuildFile; fileRef = 7C28F3182B4545AF00D12099 /* MediaFullScreenViewer.swift */; };
		7C6BE5CA2B47893E00CE57C1 /* WorkoutDayListView.swift in Sources */ = {isa = PBXBuildFile; fileRef = 7C6BE5C92B47893E00CE57C1 /* WorkoutDayListView.swift */; };
		7C6BE5CD2B47956A00CE57C1 /* LanguageManager.swift in Sources */ = {isa = PBXBuildFile; fileRef = 7C6BE5CC2B47956A00CE57C1 /* LanguageManager.swift */; };
		7C86F6152B44FC0300E4CC84 /* Util.swift in Sources */ = {isa = PBXBuildFile; fileRef = 7C86F6142B44FC0300E4CC84 /* Util.swift */; };
		7C86F6172B4520CE00E4CC84 /* WorkoutModifyView.swift in Sources */ = {isa = PBXBuildFile; fileRef = 7C86F6162B4520CE00E4CC84 /* WorkoutModifyView.swift */; };
		7C9FBDD02B47969900C57B0F /* Localizable.xcstrings in Resources */ = {isa = PBXBuildFile; fileRef = 7C9FBDCF2B47969900C57B0F /* Localizable.xcstrings */; };
		7C9FBDD22B47E35100C57B0F /* ActivityViewController.swift in Sources */ = {isa = PBXBuildFile; fileRef = 7C9FBDD12B47E35100C57B0F /* ActivityViewController.swift */; };
		7C9FBDDF2B47F5F800C57B0F /* InstagramShareView.swift in Sources */ = {isa = PBXBuildFile; fileRef = 7C9FBDDE2B47F5F800C57B0F /* InstagramShareView.swift */; };
		7CA7A0A72B4642E7007FFB72 /* WorkoutListView.swift in Sources */ = {isa = PBXBuildFile; fileRef = 7CA7A0A62B4642E7007FFB72 /* WorkoutListView.swift */; };
		7CA7A0A92B464474007FFB72 /* WorkoutCalendarView.swift in Sources */ = {isa = PBXBuildFile; fileRef = 7CA7A0A82B464474007FFB72 /* WorkoutCalendarView.swift */; };
		7CA7A0AE2B468EB1007FFB72 /* CalendarView in Frameworks */ = {isa = PBXBuildFile; productRef = 7CA7A0AD2B468EB1007FFB72 /* CalendarView */; };
		7CE7810E2B4A5A32009092AF /* GoogleMobileAds in Frameworks */ = {isa = PBXBuildFile; productRef = 7CE7810D2B4A5A31009092AF /* GoogleMobileAds */; };
		7CE781102B4A5ADA009092AF /* GoogleAdMobManager.swift in Sources */ = {isa = PBXBuildFile; fileRef = 7CE7810F2B4A5ADA009092AF /* GoogleAdMobManager.swift */; };
/* End PBXBuildFile section */

/* Begin PBXFileReference section */
		7C030A142B43A18500A51AC0 /* MyWorkOutLog.app */ = {isa = PBXFileReference; explicitFileType = wrapper.application; includeInIndex = 0; path = MyWorkOutLog.app; sourceTree = BUILT_PRODUCTS_DIR; };
		7C030A172B43A18500A51AC0 /* MyWorkOutLogApp.swift */ = {isa = PBXFileReference; lastKnownFileType = sourcecode.swift; path = MyWorkOutLogApp.swift; sourceTree = "<group>"; };
		7C030A192B43A18500A51AC0 /* ContentView.swift */ = {isa = PBXFileReference; lastKnownFileType = sourcecode.swift; path = ContentView.swift; sourceTree = "<group>"; };
		7C030A1B2B43A18500A51AC0 /* WorkoutHistory.swift */ = {isa = PBXFileReference; lastKnownFileType = sourcecode.swift; path = WorkoutHistory.swift; sourceTree = "<group>"; };
		7C030A1D2B43A18600A51AC0 /* Assets.xcassets */ = {isa = PBXFileReference; lastKnownFileType = folder.assetcatalog; path = Assets.xcassets; sourceTree = "<group>"; };
		7C030A202B43A18600A51AC0 /* Preview Assets.xcassets */ = {isa = PBXFileReference; lastKnownFileType = folder.assetcatalog; path = "Preview Assets.xcassets"; sourceTree = "<group>"; };
		7C030A222B43A18600A51AC0 /* MyWorkOutLog.entitlements */ = {isa = PBXFileReference; lastKnownFileType = text.plist.entitlements; path = MyWorkOutLog.entitlements; sourceTree = "<group>"; };
		7C030A232B43A18600A51AC0 /* Info.plist */ = {isa = PBXFileReference; lastKnownFileType = text.plist.xml; path = Info.plist; sourceTree = "<group>"; };
		7C030A292B43AC2A00A51AC0 /* WorkoutAddView.swift */ = {isa = PBXFileReference; lastKnownFileType = sourcecode.swift; path = WorkoutAddView.swift; sourceTree = "<group>"; };
		7C030A2E2B43D04400A51AC0 /* PermissionViewModel.swift */ = {isa = PBXFileReference; fileEncoding = 4; lastKnownFileType = sourcecode.swift; path = PermissionViewModel.swift; sourceTree = "<group>"; };
		7C030A352B43D79A00A51AC0 /* PhotoSelectorViewModel.swift */ = {isa = PBXFileReference; lastKnownFileType = sourcecode.swift; path = PhotoSelectorViewModel.swift; sourceTree = "<group>"; };
		7C28F3162B453E1D00D12099 /* WorkoutDetailView.swift */ = {isa = PBXFileReference; lastKnownFileType = sourcecode.swift; path = WorkoutDetailView.swift; sourceTree = "<group>"; };
		7C28F3182B4545AF00D12099 /* MediaFullScreenViewer.swift */ = {isa = PBXFileReference; lastKnownFileType = sourcecode.swift; path = MediaFullScreenViewer.swift; sourceTree = "<group>"; };
		7C6BE5C92B47893E00CE57C1 /* WorkoutDayListView.swift */ = {isa = PBXFileReference; lastKnownFileType = sourcecode.swift; path = WorkoutDayListView.swift; sourceTree = "<group>"; };
		7C6BE5CC2B47956A00CE57C1 /* LanguageManager.swift */ = {isa = PBXFileReference; lastKnownFileType = sourcecode.swift; path = LanguageManager.swift; sourceTree = "<group>"; };
		7C86F6142B44FC0300E4CC84 /* Util.swift */ = {isa = PBXFileReference; lastKnownFileType = sourcecode.swift; path = Util.swift; sourceTree = "<group>"; };
		7C86F6162B4520CE00E4CC84 /* WorkoutModifyView.swift */ = {isa = PBXFileReference; lastKnownFileType = sourcecode.swift; path = WorkoutModifyView.swift; sourceTree = "<group>"; };
		7C9FBDCF2B47969900C57B0F /* Localizable.xcstrings */ = {isa = PBXFileReference; lastKnownFileType = text.json.xcstrings; path = Localizable.xcstrings; sourceTree = "<group>"; };
		7C9FBDD12B47E35100C57B0F /* ActivityViewController.swift */ = {isa = PBXFileReference; lastKnownFileType = sourcecode.swift; path = ActivityViewController.swift; sourceTree = "<group>"; };
		7C9FBDDE2B47F5F800C57B0F /* InstagramShareView.swift */ = {isa = PBXFileReference; lastKnownFileType = sourcecode.swift; path = InstagramShareView.swift; sourceTree = "<group>"; };
		7CA7A0A62B4642E7007FFB72 /* WorkoutListView.swift */ = {isa = PBXFileReference; lastKnownFileType = sourcecode.swift; path = WorkoutListView.swift; sourceTree = "<group>"; };
		7CA7A0A82B464474007FFB72 /* WorkoutCalendarView.swift */ = {isa = PBXFileReference; lastKnownFileType = sourcecode.swift; path = WorkoutCalendarView.swift; sourceTree = "<group>"; };
		7CE7810F2B4A5ADA009092AF /* GoogleAdMobManager.swift */ = {isa = PBXFileReference; lastKnownFileType = sourcecode.swift; path = GoogleAdMobManager.swift; sourceTree = "<group>"; };
/* End PBXFileReference section */

/* Begin PBXFrameworksBuildPhase section */
		7C030A112B43A18500A51AC0 /* Frameworks */ = {
			isa = PBXFrameworksBuildPhase;
			buildActionMask = 2147483647;
			files = (
				7CE7810E2B4A5A32009092AF /* GoogleMobileAds in Frameworks */,
				7C030A322B43D21A00A51AC0 /* SDWebImageSwiftUI in Frameworks */,
				7CA7A0AE2B468EB1007FFB72 /* CalendarView in Frameworks */,
				7C030A2D2B43CE9F00A51AC0 /* ExyteMediaPicker in Frameworks */,
			);
			runOnlyForDeploymentPostprocessing = 0;
		};
/* End PBXFrameworksBuildPhase section */

/* Begin PBXGroup section */
		7C030A0B2B43A18500A51AC0 = {
			isa = PBXGroup;
			children = (
				7C030A162B43A18500A51AC0 /* MyWorkOutLog */,
				7C030A152B43A18500A51AC0 /* Products */,
			);
			sourceTree = "<group>";
		};
		7C030A152B43A18500A51AC0 /* Products */ = {
			isa = PBXGroup;
			children = (
				7C030A142B43A18500A51AC0 /* MyWorkOutLog.app */,
			);
			name = Products;
			sourceTree = "<group>";
		};
		7C030A162B43A18500A51AC0 /* MyWorkOutLog */ = {
			isa = PBXGroup;
			children = (
				7C030A232B43A18600A51AC0 /* Info.plist */,
				7C030A222B43A18600A51AC0 /* MyWorkOutLog.entitlements */,
				7C030A1D2B43A18600A51AC0 /* Assets.xcassets */,
				7C9FBDCE2B47963400C57B0F /* Resourcce */,
				7C6BE5CB2B47955500CE57C1 /* Manager */,
				7C6BE5C82B47886300CE57C1 /* View */,
				7C6BE5C72B47885D00CE57C1 /* Screen */,
				7C6BE5C62B47884F00CE57C1 /* ViewModel */,
				7C6BE5C52B47884100CE57C1 /* Model */,
				7C030A172B43A18500A51AC0 /* MyWorkOutLogApp.swift */,
				7C030A1F2B43A18600A51AC0 /* Preview Content */,
				7C86F6142B44FC0300E4CC84 /* Util.swift */,
			);
			path = MyWorkOutLog;
			sourceTree = "<group>";
		};
		7C030A1F2B43A18600A51AC0 /* Preview Content */ = {
			isa = PBXGroup;
			children = (
				7C030A202B43A18600A51AC0 /* Preview Assets.xcassets */,
			);
			path = "Preview Content";
			sourceTree = "<group>";
		};
		7C6BE5C52B47884100CE57C1 /* Model */ = {
			isa = PBXGroup;
			children = (
				7C030A1B2B43A18500A51AC0 /* WorkoutHistory.swift */,
			);
			path = Model;
			sourceTree = "<group>";
		};
		7C6BE5C62B47884F00CE57C1 /* ViewModel */ = {
			isa = PBXGroup;
			children = (
				7C030A2E2B43D04400A51AC0 /* PermissionViewModel.swift */,
				7C030A352B43D79A00A51AC0 /* PhotoSelectorViewModel.swift */,
			);
			path = ViewModel;
			sourceTree = "<group>";
		};
		7C6BE5C72B47885D00CE57C1 /* Screen */ = {
			isa = PBXGroup;
			children = (
				7CA7A0A82B464474007FFB72 /* WorkoutCalendarView.swift */,
				7C030A192B43A18500A51AC0 /* ContentView.swift */,
				7C030A292B43AC2A00A51AC0 /* WorkoutAddView.swift */,
				7C28F3162B453E1D00D12099 /* WorkoutDetailView.swift */,
				7C86F6162B4520CE00E4CC84 /* WorkoutModifyView.swift */,
				7CA7A0A62B4642E7007FFB72 /* WorkoutListView.swift */,
				7C6BE5C92B47893E00CE57C1 /* WorkoutDayListView.swift */,
			);
			path = Screen;
			sourceTree = "<group>";
		};
		7C6BE5C82B47886300CE57C1 /* View */ = {
			isa = PBXGroup;
			children = (
				7C28F3182B4545AF00D12099 /* MediaFullScreenViewer.swift */,
				7C9FBDD12B47E35100C57B0F /* ActivityViewController.swift */,
				7C9FBDDE2B47F5F800C57B0F /* InstagramShareView.swift */,
			);
			path = View;
			sourceTree = "<group>";
		};
		7C6BE5CB2B47955500CE57C1 /* Manager */ = {
			isa = PBXGroup;
			children = (
				7C6BE5CC2B47956A00CE57C1 /* LanguageManager.swift */,
				7CE7810F2B4A5ADA009092AF /* GoogleAdMobManager.swift */,
			);
			path = Manager;
			sourceTree = "<group>";
		};
		7C9FBDCE2B47963400C57B0F /* Resourcce */ = {
			isa = PBXGroup;
			children = (
				7C9FBDCF2B47969900C57B0F /* Localizable.xcstrings */,
			);
			path = Resourcce;
			sourceTree = "<group>";
		};
/* End PBXGroup section */

/* Begin PBXNativeTarget section */
		7C030A132B43A18500A51AC0 /* MyWorkOutLog */ = {
			isa = PBXNativeTarget;
			buildConfigurationList = 7C030A262B43A18600A51AC0 /* Build configuration list for PBXNativeTarget "MyWorkOutLog" */;
			buildPhases = (
				7C030A102B43A18500A51AC0 /* Sources */,
				7C030A112B43A18500A51AC0 /* Frameworks */,
				7C030A122B43A18500A51AC0 /* Resources */,
			);
			buildRules = (
			);
			dependencies = (
			);
			name = MyWorkOutLog;
			packageProductDependencies = (
				7C030A2C2B43CE9F00A51AC0 /* ExyteMediaPicker */,
				7C030A312B43D21A00A51AC0 /* SDWebImageSwiftUI */,
				7CA7A0AD2B468EB1007FFB72 /* CalendarView */,
				7CE7810D2B4A5A31009092AF /* GoogleMobileAds */,
			);
			productName = MyWorkOutLog;
			productReference = 7C030A142B43A18500A51AC0 /* MyWorkOutLog.app */;
			productType = "com.apple.product-type.application";
		};
/* End PBXNativeTarget section */

/* Begin PBXProject section */
		7C030A0C2B43A18500A51AC0 /* Project object */ = {
			isa = PBXProject;
			attributes = {
				BuildIndependentTargetsInParallel = 1;
				LastSwiftUpdateCheck = 1510;
				LastUpgradeCheck = 1510;
				TargetAttributes = {
					7C030A132B43A18500A51AC0 = {
						CreatedOnToolsVersion = 15.1;
					};
				};
			};
			buildConfigurationList = 7C030A0F2B43A18500A51AC0 /* Build configuration list for PBXProject "MyWorkOutLog" */;
			compatibilityVersion = "Xcode 14.0";
			developmentRegion = ko;
			hasScannedForEncodings = 0;
			knownRegions = (
				en,
				Base,
				ko,
			);
			mainGroup = 7C030A0B2B43A18500A51AC0;
			packageReferences = (
				7C030A2B2B43CE9F00A51AC0 /* XCRemoteSwiftPackageReference "ExyteMediaPicker" */,
				7C030A302B43D21A00A51AC0 /* XCRemoteSwiftPackageReference "SDWebImageSwiftUI" */,
				7CA7A0AC2B468EB1007FFB72 /* XCRemoteSwiftPackageReference "CalendarView" */,
				7C9FBDD32B47E83200C57B0F /* XCRemoteSwiftPackageReference "facebook-ios-sdk" */,
				7CE7810C2B4A5A31009092AF /* XCRemoteSwiftPackageReference "swift-package-manager-google-mobile-ads" */,
			);
			productRefGroup = 7C030A152B43A18500A51AC0 /* Products */;
			projectDirPath = "";
			projectRoot = "";
			targets = (
				7C030A132B43A18500A51AC0 /* MyWorkOutLog */,
			);
		};
/* End PBXProject section */

/* Begin PBXResourcesBuildPhase section */
		7C030A122B43A18500A51AC0 /* Resources */ = {
			isa = PBXResourcesBuildPhase;
			buildActionMask = 2147483647;
			files = (
				7C030A212B43A18600A51AC0 /* Preview Assets.xcassets in Resources */,
				7C030A1E2B43A18600A51AC0 /* Assets.xcassets in Resources */,
				7C9FBDD02B47969900C57B0F /* Localizable.xcstrings in Resources */,
			);
			runOnlyForDeploymentPostprocessing = 0;
		};
/* End PBXResourcesBuildPhase section */

/* Begin PBXSourcesBuildPhase section */
		7C030A102B43A18500A51AC0 /* Sources */ = {
			isa = PBXSourcesBuildPhase;
			buildActionMask = 2147483647;
			files = (
				7C86F6172B4520CE00E4CC84 /* WorkoutModifyView.swift in Sources */,
				7C6BE5CD2B47956A00CE57C1 /* LanguageManager.swift in Sources */,
				7C28F3192B4545AF00D12099 /* MediaFullScreenViewer.swift in Sources */,
				7CA7A0A92B464474007FFB72 /* WorkoutCalendarView.swift in Sources */,
				7C28F3172B453E1D00D12099 /* WorkoutDetailView.swift in Sources */,
				7C030A1A2B43A18500A51AC0 /* ContentView.swift in Sources */,
				7C9FBDD22B47E35100C57B0F /* ActivityViewController.swift in Sources */,
				7CE781102B4A5ADA009092AF /* GoogleAdMobManager.swift in Sources */,
				7C9FBDDF2B47F5F800C57B0F /* InstagramShareView.swift in Sources */,
				7C030A1C2B43A18500A51AC0 /* WorkoutHistory.swift in Sources */,
				7C6BE5CA2B47893E00CE57C1 /* WorkoutDayListView.swift in Sources */,
				7CA7A0A72B4642E7007FFB72 /* WorkoutListView.swift in Sources */,
				7C030A2F2B43D04400A51AC0 /* PermissionViewModel.swift in Sources */,
				7C030A2A2B43AC2A00A51AC0 /* WorkoutAddView.swift in Sources */,
				7C86F6152B44FC0300E4CC84 /* Util.swift in Sources */,
				7C030A362B43D79A00A51AC0 /* PhotoSelectorViewModel.swift in Sources */,
				7C030A182B43A18500A51AC0 /* MyWorkOutLogApp.swift in Sources */,
			);
			runOnlyForDeploymentPostprocessing = 0;
		};
/* End PBXSourcesBuildPhase section */

/* Begin XCBuildConfiguration section */
		7C030A242B43A18600A51AC0 /* Debug */ = {
			isa = XCBuildConfiguration;
			buildSettings = {
				ALWAYS_SEARCH_USER_PATHS = NO;
				ASSETCATALOG_COMPILER_GENERATE_SWIFT_ASSET_SYMBOL_EXTENSIONS = YES;
				CLANG_ANALYZER_NONNULL = YES;
				CLANG_ANALYZER_NUMBER_OBJECT_CONVERSION = YES_AGGRESSIVE;
				CLANG_CXX_LANGUAGE_STANDARD = "gnu++20";
				CLANG_ENABLE_MODULES = YES;
				CLANG_ENABLE_OBJC_ARC = YES;
				CLANG_ENABLE_OBJC_WEAK = YES;
				CLANG_WARN_BLOCK_CAPTURE_AUTORELEASING = YES;
				CLANG_WARN_BOOL_CONVERSION = YES;
				CLANG_WARN_COMMA = YES;
				CLANG_WARN_CONSTANT_CONVERSION = YES;
				CLANG_WARN_DEPRECATED_OBJC_IMPLEMENTATIONS = YES;
				CLANG_WARN_DIRECT_OBJC_ISA_USAGE = YES_ERROR;
				CLANG_WARN_DOCUMENTATION_COMMENTS = YES;
				CLANG_WARN_EMPTY_BODY = YES;
				CLANG_WARN_ENUM_CONVERSION = YES;
				CLANG_WARN_INFINITE_RECURSION = YES;
				CLANG_WARN_INT_CONVERSION = YES;
				CLANG_WARN_NON_LITERAL_NULL_CONVERSION = YES;
				CLANG_WARN_OBJC_IMPLICIT_RETAIN_SELF = YES;
				CLANG_WARN_OBJC_LITERAL_CONVERSION = YES;
				CLANG_WARN_OBJC_ROOT_CLASS = YES_ERROR;
				CLANG_WARN_QUOTED_INCLUDE_IN_FRAMEWORK_HEADER = YES;
				CLANG_WARN_RANGE_LOOP_ANALYSIS = YES;
				CLANG_WARN_STRICT_PROTOTYPES = YES;
				CLANG_WARN_SUSPICIOUS_MOVE = YES;
				CLANG_WARN_UNGUARDED_AVAILABILITY = YES_AGGRESSIVE;
				CLANG_WARN_UNREACHABLE_CODE = YES;
				CLANG_WARN__DUPLICATE_METHOD_MATCH = YES;
				COPY_PHASE_STRIP = NO;
				DEBUG_INFORMATION_FORMAT = dwarf;
				ENABLE_STRICT_OBJC_MSGSEND = YES;
				ENABLE_TESTABILITY = YES;
				ENABLE_USER_SCRIPT_SANDBOXING = YES;
				GCC_C_LANGUAGE_STANDARD = gnu17;
				GCC_DYNAMIC_NO_PIC = NO;
				GCC_NO_COMMON_BLOCKS = YES;
				GCC_OPTIMIZATION_LEVEL = 0;
				GCC_PREPROCESSOR_DEFINITIONS = (
					"DEBUG=1",
					"$(inherited)",
				);
				GCC_WARN_64_TO_32_BIT_CONVERSION = YES;
				GCC_WARN_ABOUT_RETURN_TYPE = YES_ERROR;
				GCC_WARN_UNDECLARED_SELECTOR = YES;
				GCC_WARN_UNINITIALIZED_AUTOS = YES_AGGRESSIVE;
				GCC_WARN_UNUSED_FUNCTION = YES;
				GCC_WARN_UNUSED_VARIABLE = YES;
				IPHONEOS_DEPLOYMENT_TARGET = 17.2;
				LOCALIZATION_PREFERS_STRING_CATALOGS = YES;
				MTL_ENABLE_DEBUG_INFO = INCLUDE_SOURCE;
				MTL_FAST_MATH = YES;
				ONLY_ACTIVE_ARCH = YES;
				SDKROOT = iphoneos;
				SWIFT_ACTIVE_COMPILATION_CONDITIONS = "DEBUG $(inherited)";
				SWIFT_OPTIMIZATION_LEVEL = "-Onone";
			};
			name = Debug;
		};
		7C030A252B43A18600A51AC0 /* Release */ = {
			isa = XCBuildConfiguration;
			buildSettings = {
				ALWAYS_SEARCH_USER_PATHS = NO;
				ASSETCATALOG_COMPILER_GENERATE_SWIFT_ASSET_SYMBOL_EXTENSIONS = YES;
				CLANG_ANALYZER_NONNULL = YES;
				CLANG_ANALYZER_NUMBER_OBJECT_CONVERSION = YES_AGGRESSIVE;
				CLANG_CXX_LANGUAGE_STANDARD = "gnu++20";
				CLANG_ENABLE_MODULES = YES;
				CLANG_ENABLE_OBJC_ARC = YES;
				CLANG_ENABLE_OBJC_WEAK = YES;
				CLANG_WARN_BLOCK_CAPTURE_AUTORELEASING = YES;
				CLANG_WARN_BOOL_CONVERSION = YES;
				CLANG_WARN_COMMA = YES;
				CLANG_WARN_CONSTANT_CONVERSION = YES;
				CLANG_WARN_DEPRECATED_OBJC_IMPLEMENTATIONS = YES;
				CLANG_WARN_DIRECT_OBJC_ISA_USAGE = YES_ERROR;
				CLANG_WARN_DOCUMENTATION_COMMENTS = YES;
				CLANG_WARN_EMPTY_BODY = YES;
				CLANG_WARN_ENUM_CONVERSION = YES;
				CLANG_WARN_INFINITE_RECURSION = YES;
				CLANG_WARN_INT_CONVERSION = YES;
				CLANG_WARN_NON_LITERAL_NULL_CONVERSION = YES;
				CLANG_WARN_OBJC_IMPLICIT_RETAIN_SELF = YES;
				CLANG_WARN_OBJC_LITERAL_CONVERSION = YES;
				CLANG_WARN_OBJC_ROOT_CLASS = YES_ERROR;
				CLANG_WARN_QUOTED_INCLUDE_IN_FRAMEWORK_HEADER = YES;
				CLANG_WARN_RANGE_LOOP_ANALYSIS = YES;
				CLANG_WARN_STRICT_PROTOTYPES = YES;
				CLANG_WARN_SUSPICIOUS_MOVE = YES;
				CLANG_WARN_UNGUARDED_AVAILABILITY = YES_AGGRESSIVE;
				CLANG_WARN_UNREACHABLE_CODE = YES;
				CLANG_WARN__DUPLICATE_METHOD_MATCH = YES;
				COPY_PHASE_STRIP = NO;
				DEBUG_INFORMATION_FORMAT = "dwarf-with-dsym";
				ENABLE_NS_ASSERTIONS = NO;
				ENABLE_STRICT_OBJC_MSGSEND = YES;
				ENABLE_USER_SCRIPT_SANDBOXING = YES;
				GCC_C_LANGUAGE_STANDARD = gnu17;
				GCC_NO_COMMON_BLOCKS = YES;
				GCC_WARN_64_TO_32_BIT_CONVERSION = YES;
				GCC_WARN_ABOUT_RETURN_TYPE = YES_ERROR;
				GCC_WARN_UNDECLARED_SELECTOR = YES;
				GCC_WARN_UNINITIALIZED_AUTOS = YES_AGGRESSIVE;
				GCC_WARN_UNUSED_FUNCTION = YES;
				GCC_WARN_UNUSED_VARIABLE = YES;
				IPHONEOS_DEPLOYMENT_TARGET = 17.2;
				LOCALIZATION_PREFERS_STRING_CATALOGS = YES;
				MTL_ENABLE_DEBUG_INFO = NO;
				MTL_FAST_MATH = YES;
				SDKROOT = iphoneos;
				SWIFT_COMPILATION_MODE = wholemodule;
				VALIDATE_PRODUCT = YES;
			};
			name = Release;
		};
		7C030A272B43A18600A51AC0 /* Debug */ = {
			isa = XCBuildConfiguration;
			buildSettings = {
				ASSETCATALOG_COMPILER_APPICON_NAME = AppIcon;
				ASSETCATALOG_COMPILER_GLOBAL_ACCENT_COLOR_NAME = AccentColor;
				CODE_SIGN_ENTITLEMENTS = MyWorkOutLog/MyWorkOutLog.entitlements;
				CODE_SIGN_IDENTITY = "Apple Development";
				CODE_SIGN_STYLE = Automatic;
				CURRENT_PROJECT_VERSION = 1;
				DEVELOPMENT_ASSET_PATHS = "\"MyWorkOutLog/Preview Content\"";
				DEVELOPMENT_TEAM = RC3G596KWT;
				ENABLE_PREVIEWS = YES;
				GENERATE_INFOPLIST_FILE = YES;
				INFOPLIST_FILE = MyWorkOutLog/Info.plist;
				INFOPLIST_KEY_CFBundleDisplayName = "나의운동일지";
				INFOPLIST_KEY_NSCameraUsageDescription = "카메라 사용할거지롱";
				INFOPLIST_KEY_NSPhotoLibraryUsageDescription = "사진첩 사용할거지롱";
				INFOPLIST_KEY_NSUserTrackingUsageDescription = "광고를 위해";
				INFOPLIST_KEY_UIApplicationSceneManifest_Generation = YES;
				INFOPLIST_KEY_UIApplicationSupportsIndirectInputEvents = YES;
				INFOPLIST_KEY_UILaunchScreen_Generation = YES;
				INFOPLIST_KEY_UISupportedInterfaceOrientations_iPad = "UIInterfaceOrientationPortrait UIInterfaceOrientationPortraitUpsideDown UIInterfaceOrientationLandscapeLeft UIInterfaceOrientationLandscapeRight";
				INFOPLIST_KEY_UISupportedInterfaceOrientations_iPhone = "UIInterfaceOrientationPortrait UIInterfaceOrientationLandscapeLeft UIInterfaceOrientationLandscapeRight";
				IPHONEOS_DEPLOYMENT_TARGET = 17.0;
				LD_RUNPATH_SEARCH_PATHS = (
					"$(inherited)",
					"@executable_path/Frameworks",
				);
				MARKETING_VERSION = 1.0;
				"OTHER_LDFLAGS[arch=*]" = "-ObjC";
				PRODUCT_BUNDLE_IDENTIFIER = kr.godol.MyWorkOutLog;
				PRODUCT_NAME = "$(TARGET_NAME)";
				PROVISIONING_PROFILE_SPECIFIER = "";
				SWIFT_EMIT_LOC_STRINGS = YES;
				SWIFT_VERSION = 5.0;
				TARGETED_DEVICE_FAMILY = "1,2";
			};
			name = Debug;
		};
		7C030A282B43A18600A51AC0 /* Release */ = {
			isa = XCBuildConfiguration;
			buildSettings = {
				ASSETCATALOG_COMPILER_APPICON_NAME = AppIcon;
				ASSETCATALOG_COMPILER_GLOBAL_ACCENT_COLOR_NAME = AccentColor;
				CODE_SIGN_ENTITLEMENTS = MyWorkOutLog/MyWorkOutLog.entitlements;
				CODE_SIGN_IDENTITY = "Apple Development";
				CODE_SIGN_STYLE = Automatic;
				CURRENT_PROJECT_VERSION = 1;
				DEVELOPMENT_ASSET_PATHS = "\"MyWorkOutLog/Preview Content\"";
				DEVELOPMENT_TEAM = RC3G596KWT;
				ENABLE_PREVIEWS = YES;
				GENERATE_INFOPLIST_FILE = YES;
				INFOPLIST_FILE = MyWorkOutLog/Info.plist;
				INFOPLIST_KEY_CFBundleDisplayName = "나의운동일지";
				INFOPLIST_KEY_NSCameraUsageDescription = "카메라 사용할거지롱";
				INFOPLIST_KEY_NSPhotoLibraryUsageDescription = "사진첩 사용할거지롱";
				INFOPLIST_KEY_NSUserTrackingUsageDescription = "광고를 위해";
				INFOPLIST_KEY_UIApplicationSceneManifest_Generation = YES;
				INFOPLIST_KEY_UIApplicationSupportsIndirectInputEvents = YES;
				INFOPLIST_KEY_UILaunchScreen_Generation = YES;
				INFOPLIST_KEY_UISupportedInterfaceOrientations_iPad = "UIInterfaceOrientationPortrait UIInterfaceOrientationPortraitUpsideDown UIInterfaceOrientationLandscapeLeft UIInterfaceOrientationLandscapeRight";
				INFOPLIST_KEY_UISupportedInterfaceOrientations_iPhone = "UIInterfaceOrientationPortrait UIInterfaceOrientationLandscapeLeft UIInterfaceOrientationLandscapeRight";
				IPHONEOS_DEPLOYMENT_TARGET = 17.0;
				LD_RUNPATH_SEARCH_PATHS = (
					"$(inherited)",
					"@executable_path/Frameworks",
				);
				MARKETING_VERSION = 1.0;
				"OTHER_LDFLAGS[arch=*]" = "-ObjC";
				PRODUCT_BUNDLE_IDENTIFIER = kr.godol.MyWorkOutLog;
				PRODUCT_NAME = "$(TARGET_NAME)";
				PROVISIONING_PROFILE_SPECIFIER = "";
				SWIFT_EMIT_LOC_STRINGS = YES;
				SWIFT_VERSION = 5.0;
				TARGETED_DEVICE_FAMILY = "1,2";
			};
			name = Release;
		};
/* End XCBuildConfiguration section */

/* Begin XCConfigurationList section */
		7C030A0F2B43A18500A51AC0 /* Build configuration list for PBXProject "MyWorkOutLog" */ = {
			isa = XCConfigurationList;
			buildConfigurations = (
				7C030A242B43A18600A51AC0 /* Debug */,
				7C030A252B43A18600A51AC0 /* Release */,
			);
			defaultConfigurationIsVisible = 0;
			defaultConfigurationName = Release;
		};
		7C030A262B43A18600A51AC0 /* Build configuration list for PBXNativeTarget "MyWorkOutLog" */ = {
			isa = XCConfigurationList;
			buildConfigurations = (
				7C030A272B43A18600A51AC0 /* Debug */,
				7C030A282B43A18600A51AC0 /* Release */,
			);
			defaultConfigurationIsVisible = 0;
			defaultConfigurationName = Release;
		};
/* End XCConfigurationList section */

/* Begin XCRemoteSwiftPackageReference section */
		7C030A2B2B43CE9F00A51AC0 /* XCRemoteSwiftPackageReference "ExyteMediaPicker" */ = {
			isa = XCRemoteSwiftPackageReference;
			repositoryURL = "https://github.com/exyte/ExyteMediaPicker.git";
			requirement = {
				kind = upToNextMajorVersion;
				minimumVersion = 2.2.2;
			};
		};
		7C030A302B43D21A00A51AC0 /* XCRemoteSwiftPackageReference "SDWebImageSwiftUI" */ = {
			isa = XCRemoteSwiftPackageReference;
			repositoryURL = "https://github.com/SDWebImage/SDWebImageSwiftUI.git";
			requirement = {
				kind = upToNextMajorVersion;
				minimumVersion = 2.2.6;
			};
		};
		7C9FBDD32B47E83200C57B0F /* XCRemoteSwiftPackageReference "facebook-ios-sdk" */ = {
			isa = XCRemoteSwiftPackageReference;
			repositoryURL = "https://github.com/facebook/facebook-ios-sdk";
			requirement = {
				kind = upToNextMajorVersion;
				minimumVersion = 14.1.0;
			};
		};
		7CA7A0AC2B468EB1007FFB72 /* XCRemoteSwiftPackageReference "CalendarView" */ = {
			isa = XCRemoteSwiftPackageReference;
			repositoryURL = "https://github.com/AllanJuenemann/CalendarView.git";
			requirement = {
				kind = upToNextMajorVersion;
				minimumVersion = 1.0.4;
			};
		};
		7CE7810C2B4A5A31009092AF /* XCRemoteSwiftPackageReference "swift-package-manager-google-mobile-ads" */ = {
			isa = XCRemoteSwiftPackageReference;
			repositoryURL = "https://github.com/googleads/swift-package-manager-google-mobile-ads.git";
			requirement = {
				kind = upToNextMajorVersion;
				minimumVersion = 10.14.0;
			};
		};
/* End XCRemoteSwiftPackageReference section */

/* Begin XCSwiftPackageProductDependency section */
		7C030A2C2B43CE9F00A51AC0 /* ExyteMediaPicker */ = {
			isa = XCSwiftPackageProductDependency;
			package = 7C030A2B2B43CE9F00A51AC0 /* XCRemoteSwiftPackageReference "ExyteMediaPicker" */;
			productName = ExyteMediaPicker;
		};
		7C030A312B43D21A00A51AC0 /* SDWebImageSwiftUI */ = {
			isa = XCSwiftPackageProductDependency;
			package = 7C030A302B43D21A00A51AC0 /* XCRemoteSwiftPackageReference "SDWebImageSwiftUI" */;
			productName = SDWebImageSwiftUI;
		};
		7CA7A0AD2B468EB1007FFB72 /* CalendarView */ = {
			isa = XCSwiftPackageProductDependency;
			package = 7CA7A0AC2B468EB1007FFB72 /* XCRemoteSwiftPackageReference "CalendarView" */;
			productName = CalendarView;
		};
		7CE7810D2B4A5A31009092AF /* GoogleMobileAds */ = {
			isa = XCSwiftPackageProductDependency;
			package = 7CE7810C2B4A5A31009092AF /* XCRemoteSwiftPackageReference "swift-package-manager-google-mobile-ads" */;
			productName = GoogleMobileAds;
		};
/* End XCSwiftPackageProductDependency section */
	};
	rootObject = 7C030A0C2B43A18500A51AC0 /* Project object */;
}
